GEM
  remote: https://rubygems.org/
  specs:
    base64 (0.3.0)
    colsole (1.0.0)
    docopt_ng (0.7.1)
    erb (6.0.1)
    gtx (0.1.2)
      erb (>= 4.0, < 7)
    httpme (0.2.3)
      colsole (>= 0.8.1, < 2)
      mister_bin (~> 0.7)
      puma (>= 5.6, < 7.0)
      rack-contrib (~> 2.3)
      rackup (~> 2.2)
      sinatra (>= 3.0, < 5)
    io-console (0.8.2)
    logger (1.7.0)
    lp (0.2.1)
    mister_bin (0.9.0)
      colsole (~> 1.0.0)
      docopt_ng (~> 0.7.1)
      reline (~> 0.6)
    mustermann (3.0.4)
      ruby2_keywords (~> 0.0.1)
    nio4r (2.7.5)
    puma (6.6.1)
      nio4r (~> 2.0)
    rack (3.2.4)
    rack-contrib (2.5.0)
      rack (< 4)
    rack-protection (4.2.1)
      base64 (>= 0.1.0)
      logger (>= 1.6.0)
      rack (>= 3.0.0, < 4)
    rack-session (2.1.1)
      base64 (>= 0.1.0)
      rack (>= 3.0.0)
    rackup (2.3.1)
      rack (>= 3)
    reline (0.6.3)
      io-console (~> 0.5)
    requires (1.1.0)
    ruby2_keywords (0.0.5)
    runfile (1.0.2)
      colsole (>= 0.8.2, < 2.0)
      docopt_ng (~> 0.7, >= 0.7.1)
      gtx (~> 0.1)
      requires (>= 0.2, < 2.0)
    sinatra (4.2.1)
      logger (>= 1.6.0)
      mustermann (~> 3.0)
      rack (>= 3.0.0, < 4)
      rack-protection (= 4.2.1)
      rack-session (>= 2.0.0, < 3)
      tilt (~> 2.0)
    slim (5.2.1)
      temple (~> 0.10.0)
      tilt (>= 2.1.0)
    temple (0.10.4)
    tilt (2.7.0)

PLATFORMS
  x86_64-linux

DEPENDENCIES
  httpme
  lp
  puma
  rackup
  runfile
  slim

BUNDLED WITH
  4.0.3
